
Microsoft Visual Studio Solution File, Format Version 12.00
# Visual Studio 15
VisualStudioVersion = 15.0.28307.168
MinimumVisualStudioVersion = 10.0.40219.1
Project("{9A19103F-16F7-4668-BE54-9A1E7A4F7556}") = "Services", "Services.csproj", "{F5BCA2EA-C3EF-4C9C-94A1-AF2174364C86}"
EndProject
Project("{9A19103F-16F7-4668-BE54-9A1E7A4F7556}") = "Services.Tests", "..\Services.Tests\Services.Tests.csproj", "{1E53CE6D-2B0C-4643-A2FF-CBE2ED7F157E}"
EndProject
Global
	GlobalSection(SolutionConfigurationPlatforms) = preSolution
		Debug|Any CPU = Debug|Any CPU
		Release|Any CPU = Release|Any CPU
	EndGlobalSection
	GlobalSection(ProjectConfigurationPlatforms) = postSolution
		{F5BCA2EA-C3EF-4C9C-94A1-AF2174364C86}.Debug|Any CPU.ActiveCfg = Debug|Any CPU
		{F5BCA2EA-C3EF-4C9C-94A1-AF2174364C86}.Debug|Any CPU.Build.0 = Debug|Any CPU
		{F5BCA2EA-C3EF-4C9C-94A1-AF2174364C86}.Release|Any CPU.ActiveCfg = Release|Any CPU
		{F5BCA2EA-C3EF-4C9C-94A1-AF2174364C86}.Release|Any CPU.Build.0 = Release|Any CPU
		{1E53CE6D-2B0C-4643-A2FF-CBE2ED7F157E}.Debug|Any CPU.ActiveCfg = Debug|Any CPU
		{1E53CE6D-2B0C-4643-A2FF-CBE2ED7F157E}.Debug|Any CPU.Build.0 = Debug|Any CPU
		{1E53CE6D-2B0C-4643-A2FF-CBE2ED7F157E}.Release|Any CPU.ActiveCfg = Release|Any CPU
		{1E53CE6D-2B0C-4643-A2FF-CBE2ED7F157E}.Release|Any CPU.Build.0 = Release|Any CPU
	EndGlobalSection
	GlobalSection(SolutionProperties) = preSolution
		HideSolutionNode = FALSE
	EndGlobalSection
	GlobalSection(ExtensibilityGlobals) = postSolution
		SolutionGuid = {AAEEDA93-988C-4B2F-B518-325A7622E9BB}
	EndGlobalSection
EndGlobal
